// !$*UTF8*$!
{
	archiveVersion = 1;
	classes = {
	};
	objectVersion = 50;
	objects = {

/* Begin PBXBuildFile section */
		0CAA1F86242DECF600A6825D /* AppDelegate.swift in Sources */ = {isa = PBXBuildFile; fileRef = 0CAA1F85242DECF600A6825D /* AppDelegate.swift */; };
		0CAA1F88242DECF600A6825D /* SceneDelegate.swift in Sources */ = {isa = PBXBuildFile; fileRef = 0CAA1F87242DECF600A6825D /* SceneDelegate.swift */; };
		0CAA1F8A242DECF600A6825D /* ViewController.swift in Sources */ = {isa = PBXBuildFile; fileRef = 0CAA1F89242DECF600A6825D /* ViewController.swift */; };
		0CAA1F8D242DECF600A6825D /* Main.storyboard in Resources */ = {isa = PBXBuildFile; fileRef = 0CAA1F8B242DECF600A6825D /* Main.storyboard */; };
		0CAA1F8F242DECF800A6825D /* Assets.xcassets in Resources */ = {isa = PBXBuildFile; fileRef = 0CAA1F8E242DECF800A6825D /* Assets.xcassets */; };
		0CAA1F92242DECF800A6825D /* LaunchScreen.storyboard in Resources */ = {isa = PBXBuildFile; fileRef = 0CAA1F90242DECF800A6825D /* LaunchScreen.storyboard */; };
/* End PBXBuildFile section */

/* Begin PBXFileReference section */
		0CAA1F82242DECF600A6825D /* StrongMan-Contact.app */ = {isa = PBXFileReference; explicitFileType = wrapper.application; includeInIndex = 0; path = "StrongMan-Contact.app"; sourceTree = BUILT_PRODUCTS_DIR; };
		0CAA1F85242DECF600A6825D /* AppDelegate.swift */ = {isa = PBXFileReference; lastKnownFileType = sourcecode.swift; path = AppDelegate.swift; sourceTree = "<group>"; };
		0CAA1F87242DECF600A6825D /* SceneDelegate.swift */ = {isa = PBXFileReference; lastKnownFileType = sourcecode.swift; path = SceneDelegate.swift; sourceTree = "<group>"; };
		0CAA1F89242DECF600A6825D /* ViewController.swift */ = {isa = PBXFileReference; lastKnownFileType = sourcecode.swift; path = ViewController.swift; sourceTree = "<group>"; };
		0CAA1F8C242DECF600A6825D /* Base */ = {isa = PBXFileReference; lastKnownFileType = file.storyboard; name = Base; path = Base.lproj/Main.storyboard; sourceTree = "<group>"; };
		0CAA1F8E242DECF800A6825D /* Assets.xcassets */ = {isa = PBXFileReference; lastKnownFileType = folder.assetcatalog; path = Assets.xcassets; sourceTree = "<group>"; };
		0CAA1F91242DECF800A6825D /* Base */ = {isa = PBXFileReference; lastKnownFileType = file.storyboard; name = Base; path = Base.lproj/LaunchScreen.storyboard; sourceTree = "<group>"; };
		0CAA1F93242DECF800A6825D /* Info.plist */ = {isa = PBXFileReference; lastKnownFileType = text.plist.xml; path = Info.plist; sourceTree = "<group>"; };
/* End PBXFileReference section */

/* Begin PBXFrameworksBuildPhase section */
		0CAA1F7F242DECF600A6825D /* Frameworks */ = {
			isa = PBXFrameworksBuildPhase;
			buildActionMask = 2147483647;
			files = (
			);
			runOnlyForDeploymentPostprocessing = 0;
		};
/* End PBXFrameworksBuildPhase section */

/* Begin PBXGroup section */
		0CAA1F79242DECF600A6825D = {
			isa = PBXGroup;
			children = (
				0CAA1F84242DECF600A6825D /* StrongMan-Contact */,
				0CAA1F83242DECF600A6825D /* Products */,
			);
			sourceTree = "<group>";
		};
		0CAA1F83242DECF600A6825D /* Products */ = {
			isa = PBXGroup;
			children = (
				0CAA1F82242DECF600A6825D /* StrongMan-Contact.app */,
			);
			name = Products;
			sourceTree = "<group>";
		};
		0CAA1F84242DECF600A6825D /* StrongMan-Contact */ = {
			isa = PBXGroup;
			children = (
				0CAA1F85242DECF600A6825D /* AppDelegate.swift */,
				0CAA1F87242DECF600A6825D /* SceneDelegate.swift */,
				0CAA1F89242DECF600A6825D /* ViewController.swift */,
				0CAA1F8B242DECF600A6825D /* Main.storyboard */,
				0CAA1F8E242DECF800A6825D /* Assets.xcassets */,
				0CAA1F90242DECF800A6825D /* LaunchScreen.storyboard */,
				0CAA1F93242DECF800A6825D /* Info.plist */,
			);
			path = "StrongMan-Contact";
			sourceTree = "<group>";
		};
/* End PBXGroup section */

/* Begin PBXNativeTarget section */
		0CAA1F81242DECF600A6825D /* StrongMan-Contact */ = {
			isa = PBXNativeTarget;
			buildConfigurationList = 0CAA1F96242DECF800A6825D /* Build configuration list for PBXNativeTarget "StrongMan-Contact" */;
			buildPhases = (
				0CAA1F7E242DECF600A6825D /* Sources */,
				0CAA1F7F242DECF600A6825D /* Frameworks */,
				0CAA1F80242DECF600A6825D /* Resources */,
			);
			buildRules = (
			);
			dependencies = (
			);
			name = "StrongMan-Contact";
			productName = "StrongMan-Contact";
			productReference = 0CAA1F82242DECF600A6825D /* StrongMan-Contact.app */;
			productType = "com.apple.product-type.application";
		};
/* End PBXNativeTarget section */

/* Begin PBXProject section */
		0CAA1F7A242DECF600A6825D /* Project object */ = {
			isa = PBXProject;
			attributes = {
				LastSwiftUpdateCheck = 1140;
				LastUpgradeCheck = 1140;
				ORGANIZATIONNAME = Rabbit;
				TargetAttributes = {
					0CAA1F81242DECF600A6825D = {
						CreatedOnToolsVersion = 11.4;
					};
				};
			};
			buildConfigurationList = 0CAA1F7D242DECF600A6825D /* Build configuration list for PBXProject "StrongMan-Contact" */;
			compatibilityVersion = "Xcode 9.3";
			developmentRegion = en;
			hasScannedForEncodings = 0;
			knownRegions = (
				en,
				Base,
			);
			mainGroup = 0CAA1F79242DECF600A6825D;
			productRefGroup = 0CAA1F83242DECF600A6825D /* Products */;
			projectDirPath = "";
			projectRoot = "";
			targets = (
				0CAA1F81242DECF600A6825D /* StrongMan-Contact */,
			);
		};
/* End PBXProject section */

/* Begin PBXResourcesBuildPhase section */
		0CAA1F80242DECF600A6825D /* Resources */ = {
			isa = PBXResourcesBuildPhase;
			buildActionMask = 2147483647;
			files = (
				0CAA1F92242DECF800A6825D /* LaunchScreen.storyboard in Resources */,
				0CAA1F8F242DECF800A6825D /* Assets.xcassets in Resources */,
				0CAA1F8D242DECF600A6825D /* Main.storyboard in Resources */,
			);
			runOnlyForDeploymentPostprocessing = 0;
		};
/* End PBXResourcesBuildPhase section */

/* Begin PBXSourcesBuildPhase section */
		0CAA1F7E242DECF600A6825D /* Sources */ = {
			isa = PBXSourcesBuildPhase;
			buildActionMask = 2147483647;
			files = (
				0CAA1F8A242DECF600A6825D /* ViewController.swift in Sources */,
				0CAA1F86242DECF600A6825D /* AppDelegate.swift in Sources */,
				0CAA1F88242DECF600A6825D /* SceneDelegate.swift in Sources */,
			);
			runOnlyForDeploymentPostprocessing = 0;
		};
/* End PBXSourcesBuildPhase section */

/* Begin PBXVariantGroup section */
		0CAA1F8B242DECF600A6825D /* Main.storyboard */ = {
			isa = PBXVariantGroup;
			children = (
				0CAA1F8C242DECF600A6825D /* Base */,
			);
			name = Main.storyboard;
			sourceTree = "<group>";
		};
		0CAA1F90242DECF800A6825D /* LaunchScreen.storyboard */ = {
			isa = PBXVariantGroup;
			children = (
				0CAA1F91242DECF800A6825D /* Base */,
			);
			name = LaunchScreen.storyboard;
			sourceTree = "<group>";
		};
/* End PBXVariantGroup section */

/* Begin XCBuildConfiguration section */
		0CAA1F94242DECF800A6825D /* Debug */ = {
			isa = XCBuildConfiguration;
			buildSettings = {
				ALWAYS_SEARCH_USER_PATHS = NO;
				CLANG_ANALYZER_NONNULL = YES;
				CLANG_ANALYZER_NUMBER_OBJECT_CONVERSION = YES_AGGRESSIVE;
				CLANG_CXX_LANGUAGE_STANDARD = "gnu++14";
				CLANG_CXX_LIBRARY = "libc++";
				CLANG_ENABLE_MODULES = YES;
				CLANG_ENABLE_OBJC_ARC = YES;
				CLANG_ENABLE_OBJC_WEAK = YES;
				CLANG_WARN_BLOCK_CAPTURE_AUTORELEASING = YES;
				CLANG_WARN_BOOL_CONVERSION = YES;
				CLANG_WARN_COMMA = YES;
				CLANG_WARN_CONSTANT_CONVERSION = YES;
				CLANG_WARN_DEPRECATED_OBJC_IMPLEMENTATIONS = YES;
				CLANG_WARN_DIRECT_OBJC_ISA_USAGE = YES_ERROR;
				CLANG_WARN_DOCUMENTATION_COMMENTS = YES;
				CLANG_WARN_EMPTY_BODY = YES;
				CLANG_WARN_ENUM_CONVERSION = YES;
				CLANG_WARN_INFINITE_RECURSION = YES;
				CLANG_WARN_INT_CONVERSION = YES;
				CLANG_WARN_NON_LITERAL_NULL_CONVERSION = YES;
				CLANG_WARN_OBJC_IMPLICIT_RETAIN_SELF = YES;
				CLANG_WARN_OBJC_LITERAL_CONVERSION = YES;
				CLANG_WARN_OBJC_ROOT_CLASS = YES_ERROR;
				CLANG_WARN_RANGE_LOOP_ANALYSIS = YES;
				CLANG_WARN_STRICT_PROTOTYPES = YES;
				CLANG_WARN_SUSPICIOUS_MOVE = YES;
				CLANG_WARN_UNGUARDED_AVAILABILITY = YES_AGGRESSIVE;
				CLANG_WARN_UNREACHABLE_CODE = YES;
				CLANG_WARN__DUPLICATE_METHOD_MATCH = YES;
				COPY_PHASE_STRIP = NO;
				DEBUG_INFORMATION_FORMAT = dwarf;
				ENABLE_STRICT_OBJC_MSGSEND = YES;
				ENABLE_TESTABILITY = YES;
				GCC_C_LANGUAGE_STANDARD = gnu11;
				GCC_DYNAMIC_NO_PIC = NO;
				GCC_NO_COMMON_BLOCKS = YES;
				GCC_OPTIMIZATION_LEVEL = 0;
				GCC_PREPROCESSOR_DEFINITIONS = (
					"DEBUG=1",
					"$(inherited)",
				);
				GCC_WARN_64_TO_32_BIT_CONVERSION = YES;
				GCC_WARN_ABOUT_RETURN_TYPE = YES_ERROR;
				GCC_WARN_UNDECLARED_SELECTOR = YES;
				GCC_WARN_UNINITIALIZED_AUTOS = YES_AGGRESSIVE;
				GCC_WARN_UNUSED_FUNCTION = YES;
				GCC_WARN_UNUSED_VARIABLE = YES;
				IPHONEOS_DEPLOYMENT_TARGET = 13.4;
				MTL_ENABLE_DEBUG_INFO = INCLUDE_SOURCE;
				MTL_FAST_MATH = YES;
				ONLY_ACTIVE_ARCH = YES;
				SDKROOT = iphoneos;
				SWIFT_ACTIVE_COMPILATION_CONDITIONS = DEBUG;
				SWIFT_OPTIMIZATION_LEVEL = "-Onone";
			};
			name = Debug;
		};
		0CAA1F95242DECF800A6825D /* Release */ = {
			isa = XCBuildConfiguration;
			buildSettings = {
				ALWAYS_SEARCH_USER_PATHS = NO;
				CLANG_ANALYZER_NONNULL = YES;
				CLANG_ANALYZER_NUMBER_OBJECT_CONVERSION = YES_AGGRESSIVE;
				CLANG_CXX_LANGUAGE_STANDARD = "gnu++14";
				CLANG_CXX_LIBRARY = "libc++";
				CLANG_ENABLE_MODULES = YES;
				CLANG_ENABLE_OBJC_ARC = YES;
				CLANG_ENABLE_OBJC_WEAK = YES;
				CLANG_WARN_BLOCK_CAPTURE_AUTORELEASING = YES;
				CLANG_WARN_BOOL_CONVERSION = YES;
				CLANG_WARN_COMMA = YES;
				CLANG_WARN_CONSTANT_CONVERSION = YES;
				CLANG_WARN_DEPRECATED_OBJC_IMPLEMENTATIONS = YES;
				CLANG_WARN_DIRECT_OBJC_ISA_USAGE = YES_ERROR;
				CLANG_WARN_DOCUMENTATION_COMMENTS = YES;
				CLANG_WARN_EMPTY_BODY = YES;
				CLANG_WARN_ENUM_CONVERSION = YES;
				CLANG_WARN_INFINITE_RECURSION = YES;
				CLANG_WARN_INT_CONVERSION = YES;
				CLANG_WARN_NON_LITERAL_NULL_CONVERSION = YES;
				CLANG_WARN_OBJC_IMPLICIT_RETAIN_SELF = YES;
				CLANG_WARN_OBJC_LITERAL_CONVERSION = YES;
				CLANG_WARN_OBJC_ROOT_CLASS = YES_ERROR;
				CLANG_WARN_RANGE_LOOP_ANALYSIS = YES;
				CLANG_WARN_STRICT_PROTOTYPES = YES;
				CLANG_WARN_SUSPICIOUS_MOVE = YES;
				CLANG_WARN_UNGUARDED_AVAILABILITY = YES_AGGRESSIVE;
				CLANG_WARN_UNREACHABLE_CODE = YES;
				CLANG_WARN__DUPLICATE_METHOD_MATCH = YES;
				COPY_PHASE_STRIP = NO;
				DEBUG_INFORMATION_FORMAT = "dwarf-with-dsym";
				ENABLE_NS_ASSERTIONS = NO;
				ENABLE_STRICT_OBJC_MSGSEND = YES;
				GCC_C_LANGUAGE_STANDARD = gnu11;
				GCC_NO_COMMON_BLOCKS = YES;
				GCC_WARN_64_TO_32_BIT_CONVERSION = YES;
				GCC_WARN_ABOUT_RETURN_TYPE = YES_ERROR;
				GCC_WARN_UNDECLARED_SELECTOR = YES;
				GCC_WARN_UNINITIALIZED_AUTOS = YES_AGGRESSIVE;
				GCC_WARN_UNUSED_FUNCTION = YES;
				GCC_WARN_UNUSED_VARIABLE = YES;
				IPHONEOS_DEPLOYMENT_TARGET = 13.4;
				MTL_ENABLE_DEBUG_INFO = NO;
				MTL_FAST_MATH = YES;
				SDKROOT = iphoneos;
				SWIFT_COMPILATION_MODE = wholemodule;
				SWIFT_OPTIMIZATION_LEVEL = "-O";
				VALIDATE_PRODUCT = YES;
			};
			name = Release;
		};
		0CAA1F97242DECF800A6825D /* Debug */ = {
			isa = XCBuildConfiguration;
			buildSettings = {
				ASSETCATALOG_COMPILER_APPICON_NAME = AppIcon;
				CODE_SIGN_STYLE = Automatic;
				DEVELOPMENT_TEAM = Y6M6AV4456;
				INFOPLIST_FILE = "StrongMan-Contact/Info.plist";
				LD_RUNPATH_SEARCH_PATHS = (
					"$(inherited)",
					"@executable_path/Frameworks",
				);
				PRODUCT_BUNDLE_IDENTIFIER = "com.rabbit.StrongMan-Contact";
				PRODUCT_NAME = "$(TARGET_NAME)";
				SWIFT_VERSION = 5.0;
				TARGETED_DEVICE_FAMILY = "1,2";
			};
			name = Debug;
		};
		0CAA1F98242DECF800A6825D /* Release */ = {
			isa = XCBuildConfiguration;
			buildSettings = {
				ASSETCATALOG_COMPILER_APPICON_NAME = AppIcon;
				CODE_SIGN_STYLE = Automatic;
				DEVELOPMENT_TEAM = Y6M6AV4456;
				INFOPLIST_FILE = "StrongMan-Contact/Info.plist";
				LD_RUNPATH_SEARCH_PATHS = (
					"$(inherited)",
					"@executable_path/Frameworks",
				);
				PRODUCT_BUNDLE_IDENTIFIER = "com.rabbit.StrongMan-Contact";
				PRODUCT_NAME = "$(TARGET_NAME)";
				SWIFT_VERSION = 5.0;
				TARGETED_DEVICE_FAMILY = "1,2";
			};
			name = Release;
		};
/* End XCBuildConfiguration section */

/* Begin XCConfigurationList section */
		0CAA1F7D242DECF600A6825D /* Build configuration list for PBXProject "StrongMan-Contact" */ = {
			isa = XCConfigurationList;
			buildConfigurations = (
				0CAA1F94242DECF800A6825D /* Debug */,
				0CAA1F95242DECF800A6825D /* Release */,
			);
			defaultConfigurationIsVisible = 0;
			defaultConfigurationName = Release;
		};
		0CAA1F96242DECF800A6825D /* Build configuration list for PBXNativeTarget "StrongMan-Contact" */ = {
			isa = XCConfigurationList;
			buildConfigurations = (
				0CAA1F97242DECF800A6825D /* Debug */,
				0CAA1F98242DECF800A6825D /* Release */,
			);
			defaultConfigurationIsVisible = 0;
			defaultConfigurationName = Release;
		};
/* End XCConfigurationList section */
	};
	rootObject = 0CAA1F7A242DECF600A6825D /* Project object */;
}
